
Microsoft Visual Studio Solution File, Format Version 12.00
# Visual Studio Version 16
VisualStudioVersion = 16.0.30011.22
MinimumVisualStudioVersion = 10.0.40219.1
Project("{FAE04EC0-301F-11D3-BF4B-00C04F79EFBC}") = "Lab7Partea3", "Lab7Partea3\Lab7Partea3.csproj", "{64458536-152A-49DA-8340-D1CE218E2095}"
EndProject
Global
	GlobalSection(SolutionConfigurationPlatforms) = preSolution
		Debug|Any CPU = Debug|Any CPU
		Release|Any CPU = Release|Any CPU
	EndGlobalSection
	GlobalSection(ProjectConfigurationPlatforms) = postSolution
		{64458536-152A-49DA-8340-D1CE218E2095}.Debug|Any CPU.ActiveCfg = Debug|Any CPU
		{64458536-152A-49DA-8340-D1CE218E2095}.Debug|Any CPU.Build.0 = Debug|Any CPU
		{64458536-152A-49DA-8340-D1CE218E2095}.Release|Any CPU.ActiveCfg = Release|Any CPU
		{64458536-152A-49DA-8340-D1CE218E2095}.Release|Any CPU.Build.0 = Release|Any CPU
	EndGlobalSection
	GlobalSection(SolutionProperties) = preSolution
		HideSolutionNode = FALSE
	EndGlobalSection
	GlobalSection(ExtensibilityGlobals) = postSolution
		SolutionGuid = {D431A605-4714-4315-890E-33E670CCBF84}
	EndGlobalSection
EndGlobal
